
Microsoft Visual Studio Solution File, Format Version 12.00
# Visual Studio Version 17
VisualStudioVersion = 17.6.33620.401
MinimumVisualStudioVersion = 10.0.40219.1
Project("{FAE04EC0-301F-11D3-BF4B-00C04F79EFBC}") = "pnlk_NewProjects", "pnlk_NewProjects.csproj", "{F3B7FF1F-E907-447F-8DC8-3FD905A85DFF}"
EndProject
Global
	GlobalSection(SolutionConfigurationPlatforms) = preSolution
		Debug|Any CPU = Debug|Any CPU
		Release|Any CPU = Release|Any CPU
	EndGlobalSection
	GlobalSection(ProjectConfigurationPlatforms) = postSolution
		{F3B7FF1F-E907-447F-8DC8-3FD905A85DFF}.Debug|Any CPU.ActiveCfg = Debug|Any CPU
		{F3B7FF1F-E907-447F-8DC8-3FD905A85DFF}.Debug|Any CPU.Build.0 = Debug|Any CPU
		{F3B7FF1F-E907-447F-8DC8-3FD905A85DFF}.Release|Any CPU.ActiveCfg = Release|Any CPU
		{F3B7FF1F-E907-447F-8DC8-3FD905A85DFF}.Release|Any CPU.Build.0 = Release|Any CPU
	EndGlobalSection
	GlobalSection(SolutionProperties) = preSolution
		HideSolutionNode = FALSE
	EndGlobalSection
	GlobalSection(ExtensibilityGlobals) = postSolution
		SolutionGuid = {987B7D23-455D-468F-B879-780E4D82730C}
	EndGlobalSection
EndGlobal
